PODS:
  - JSQMessagesViewController (7.3.4):
    - JSQSystemSoundPlayer (~> 2.0.1)
  - JSQSystemSoundPlayer (2.0.1)
  - Realm (2.4.2):
    - Realm/Headers (= 2.4.2)
  - Realm/Headers (2.4.2)
  - RealmGeoQueries (1.2):
    - RealmSwift
  - RealmSwift (2.4.2):
    - Realm (= 2.4.2)
  - RxCocoa (3.2.0):
    - RxSwift (~> 3.1)
  - RxSwift (3.2.0)
  - SkyFloatingLabelTextField (2.0.1)
  - SwiftLocation (1.1.1)
  - SwiftMessages (3.1.5)

DEPENDENCIES:
  - JSQMessagesViewController (~> 7.3)
  - RealmGeoQueries (~> 1.2)
  - RealmSwift (~> 2.4)
  - RxCocoa (~> 3.0)
  - RxSwift (~> 3.0)
  - SkyFloatingLabelTextField (~> 2.0.0)
  - SwiftLocation (~> 1.1)
  - SwiftMessages (~> 3.1)

SPEC CHECKSUMS:
  JSQMessagesViewController: 39fed975e3c9f8eba7292071e29eeb541d105e66
  JSQSystemSoundPlayer: c5850e77a4363ffd374cd851154b9af93264ed8d
  Realm: d27b758e12d62a3371879a065d4c40aa212c5a54
  RealmGeoQueries: 84f2628e2fcc7593a41639c7b8526d6e88a1f071
  RealmSwift: 9556c0fe0f0cfecacfb755ae9e68ff379fc6bead
  RxCocoa: ccdf43101a70407097a29082f648ba1676075b30
  RxSwift: 46574f70d416b7923c237195939cc488a7fbf3a0
  SkyFloatingLabelTextField: 070e749632ffd608d6fd9db3fa488a822524997c
  SwiftLocation: aac16955b508c46b82bf07fcceb7e2a3b382b8d5
  SwiftMessages: bb85d7c30e85256f9367214b0907e1f409e1870a

PODFILE CHECKSUM: 7637841a8dcd768fa331f784f76dffc09ad62e22

COCOAPODS: 1.1.1
